
Microsoft Visual Studio Solution File, Format Version 12.00
# Visual Studio Version 16
VisualStudioVersion = 16.0.30804.86
MinimumVisualStudioVersion = 10.0.40219.1
Project("{9A19103F-16F7-4668-BE54-9A1E7A4F7556}") = "step_01", "beakjoon_step\step_01.csproj", "{542ACA8B-AA2A-4DBF-AF0E-D16D902EB45F}"
EndProject
Project("{9A19103F-16F7-4668-BE54-9A1E7A4F7556}") = "step_02", "step_02\step_02.csproj", "{9DB416F9-C219-4681-A88F-B7D206C2C11F}"
EndProject
Project("{FAE04EC0-301F-11D3-BF4B-00C04F79EFBC}") = "step_03", "step_03\step_03.csproj", "{FF67ADE5-DDAD-4458-9C46-AF159A20E717}"
EndProject
Global
	GlobalSection(SolutionConfigurationPlatforms) = preSolution
		Debug|Any CPU = Debug|Any CPU
		Release|Any CPU = Release|Any CPU
	EndGlobalSection
	GlobalSection(ProjectConfigurationPlatforms) = postSolution
		{542ACA8B-AA2A-4DBF-AF0E-D16D902EB45F}.Debug|Any CPU.ActiveCfg = Debug|Any CPU
		{542ACA8B-AA2A-4DBF-AF0E-D16D902EB45F}.Debug|Any CPU.Build.0 = Debug|Any CPU
		{542ACA8B-AA2A-4DBF-AF0E-D16D902EB45F}.Release|Any CPU.ActiveCfg = Release|Any CPU
		{542ACA8B-AA2A-4DBF-AF0E-D16D902EB45F}.Release|Any CPU.Build.0 = Release|Any CPU
		{9DB416F9-C219-4681-A88F-B7D206C2C11F}.Debug|Any CPU.ActiveCfg = Debug|Any CPU
		{9DB416F9-C219-4681-A88F-B7D206C2C11F}.Debug|Any CPU.Build.0 = Debug|Any CPU
		{9DB416F9-C219-4681-A88F-B7D206C2C11F}.Release|Any CPU.ActiveCfg = Release|Any CPU
		{9DB416F9-C219-4681-A88F-B7D206C2C11F}.Release|Any CPU.Build.0 = Release|Any CPU
		{FF67ADE5-DDAD-4458-9C46-AF159A20E717}.Debug|Any CPU.ActiveCfg = Debug|Any CPU
		{FF67ADE5-DDAD-4458-9C46-AF159A20E717}.Debug|Any CPU.Build.0 = Debug|Any CPU
		{FF67ADE5-DDAD-4458-9C46-AF159A20E717}.Release|Any CPU.ActiveCfg = Release|Any CPU
		{FF67ADE5-DDAD-4458-9C46-AF159A20E717}.Release|Any CPU.Build.0 = Release|Any CPU
	EndGlobalSection
	GlobalSection(SolutionProperties) = preSolution
		HideSolutionNode = FALSE
	EndGlobalSection
	GlobalSection(ExtensibilityGlobals) = postSolution
		SolutionGuid = {67B1AB0A-2C56-4497-B056-BD4F77794B56}
	EndGlobalSection
EndGlobal
